
Microsoft Visual Studio Solution File, Format Version 12.00
# Visual Studio Version 17
VisualStudioVersion = 17.11.35327.3
MinimumVisualStudioVersion = 10.0.40219.1
Project("{2150E333-8FDC-42A3-9474-1A3956D46DE8}") = "Services", "Services", "{A1C0CE03-0E8D-44FE-A03F-F2215338ABD9}"
EndProject
Project("{2150E333-8FDC-42A3-9474-1A3956D46DE8}") = "Catalog", "Catalog", "{4FA0BD65-2F1A-4FB6-8B40-334637C17F78}"
EndProject
Project("{9A19103F-16F7-4668-BE54-9A1E7A4F7556}") = "Catalog.API", "Services\Catalog\Catalog.API\Catalog.API.csproj", "{99F65458-0F3A-4415-9F80-8AB8015AC788}"
EndProject
Project("{9A19103F-16F7-4668-BE54-9A1E7A4F7556}") = "Catalog.Application", "Services\Catalog\Catalog.Application\Catalog.Application.csproj", "{3BE5827E-A107-45BE-B464-500F534A7FEE}"
EndProject
Project("{9A19103F-16F7-4668-BE54-9A1E7A4F7556}") = "Catalog.Core", "Services\Catalog\Catalog.Core\Catalog.Core.csproj", "{ACCC9374-17D1-4B20-AE01-B514508DABED}"
EndProject
Project("{9A19103F-16F7-4668-BE54-9A1E7A4F7556}") = "Catalog.Infrastructure", "Services\Catalog\Catalog.Infrastructure\Catalog.Infrastructure.csproj", "{E934C8D9-6C85-4BE8-A8D4-4DA0F05500CF}"
EndProject
Project("{E53339B2-1760-4266-BCC7-CA923CBCF16C}") = "docker-compose", "docker-compose.dcproj", "{EE93E0C0-2D00-4AA7-9305-DE57DED4308C}"
EndProject
Project("{2150E333-8FDC-42A3-9474-1A3956D46DE8}") = "Basket", "Basket", "{3FE92BA1-860B-4FBE-9C0E-F178170C3067}"
EndProject
Project("{9A19103F-16F7-4668-BE54-9A1E7A4F7556}") = "BasketAPI", "Services\Basket\BasketAPI\BasketAPI.csproj", "{575615F9-CC4F-429B-B525-9DED2C3921F4}"
EndProject
Project("{9A19103F-16F7-4668-BE54-9A1E7A4F7556}") = "Basket.Application", "Services\Basket\Basket.Application\Basket.Application.csproj", "{938B2170-0C8F-4CE1-A81C-03AAD851AEA6}"
EndProject
Project("{9A19103F-16F7-4668-BE54-9A1E7A4F7556}") = "Basket.Core", "Services\Basket\Basket.Core\Basket.Core.csproj", "{C1E79570-FDE8-40B3-BB8B-97BD0E14332D}"
EndProject
Project("{9A19103F-16F7-4668-BE54-9A1E7A4F7556}") = "Basket.Infrastructure", "Services\Basket\Basket.Infrastructure\Basket.Infrastructure.csproj", "{5A9A2839-851C-4F2B-99D7-1645B4131B09}"
EndProject
Project("{2150E333-8FDC-42A3-9474-1A3956D46DE8}") = "Discount", "Discount", "{A5BE1D81-2281-44B7-A7E9-0DA89FA24188}"
EndProject
Project("{9A19103F-16F7-4668-BE54-9A1E7A4F7556}") = "Discount.API", "Services\Discount\Discount.API\Discount.API.csproj", "{07CAFD65-F174-4B34-B135-53353F2B4E6B}"
EndProject
Project("{9A19103F-16F7-4668-BE54-9A1E7A4F7556}") = "Disount.Application", "Services\Discount\Disount.Application\Disount.Application.csproj", "{16B22511-98B5-4911-BE88-B3C0BFBF6F88}"
EndProject
Project("{9A19103F-16F7-4668-BE54-9A1E7A4F7556}") = "Disount.Infrastructure", "Services\Discount\Disount.Infrastructure\Disount.Infrastructure.csproj", "{9A015F58-36F1-4F82-9E1D-6F05AC7F5AF0}"
EndProject
Project("{9A19103F-16F7-4668-BE54-9A1E7A4F7556}") = "Disount.Core", "Services\Discount\Disount.Core\Disount.Core.csproj", "{E8F659C4-50C7-40E1-A555-3B874773E809}"
EndProject
Project("{2150E333-8FDC-42A3-9474-1A3956D46DE8}") = "Ordering", "Ordering", "{78134B2E-A364-4C29-8380-0BE853A07421}"
EndProject
Project("{FAE04EC0-301F-11D3-BF4B-00C04F79EFBC}") = "Ordering.API", "Services\Ordering\Ordering.API\Ordering.API.csproj", "{1BEBE35B-B678-4D1A-A00C-3E9316977832}"
EndProject
Project("{FAE04EC0-301F-11D3-BF4B-00C04F79EFBC}") = "Ordering.Application", "Services\Ordering\Ordering.Application\Ordering.Application.csproj", "{7085299E-A5A9-4354-AEC3-497EDD4F0EDF}"
EndProject
Project("{FAE04EC0-301F-11D3-BF4B-00C04F79EFBC}") = "Ordering.Infrastructure", "Services\Ordering\Ordering.Infrastructure\Ordering.Infrastructure.csproj", "{1B76CF0E-C565-4BE5-94CD-942CDFB8E3CE}"
EndProject
Project("{FAE04EC0-301F-11D3-BF4B-00C04F79EFBC}") = "Ordering.Core", "Services\Ordering\Ordering.Core\Ordering.Core.csproj", "{9A3D6873-AD6C-4D2A-81A6-35BC344305DC}"
EndProject
Global
	GlobalSection(SolutionConfigurationPlatforms) = preSolution
		Debug|Any CPU = Debug|Any CPU
		Release|Any CPU = Release|Any CPU
	EndGlobalSection
	GlobalSection(ProjectConfigurationPlatforms) = postSolution
		{99F65458-0F3A-4415-9F80-8AB8015AC788}.Debug|Any CPU.ActiveCfg = Debug|Any CPU
		{99F65458-0F3A-4415-9F80-8AB8015AC788}.Debug|Any CPU.Build.0 = Debug|Any CPU
		{99F65458-0F3A-4415-9F80-8AB8015AC788}.Release|Any CPU.ActiveCfg = Release|Any CPU
		{99F65458-0F3A-4415-9F80-8AB8015AC788}.Release|Any CPU.Build.0 = Release|Any CPU
		{3BE5827E-A107-45BE-B464-500F534A7FEE}.Debug|Any CPU.ActiveCfg = Debug|Any CPU
		{3BE5827E-A107-45BE-B464-500F534A7FEE}.Debug|Any CPU.Build.0 = Debug|Any CPU
		{3BE5827E-A107-45BE-B464-500F534A7FEE}.Release|Any CPU.ActiveCfg = Release|Any CPU
		{3BE5827E-A107-45BE-B464-500F534A7FEE}.Release|Any CPU.Build.0 = Release|Any CPU
		{ACCC9374-17D1-4B20-AE01-B514508DABED}.Debug|Any CPU.ActiveCfg = Debug|Any CPU
		{ACCC9374-17D1-4B20-AE01-B514508DABED}.Debug|Any CPU.Build.0 = Debug|Any CPU
		{ACCC9374-17D1-4B20-AE01-B514508DABED}.Release|Any CPU.ActiveCfg = Release|Any CPU
		{ACCC9374-17D1-4B20-AE01-B514508DABED}.Release|Any CPU.Build.0 = Release|Any CPU
		{E934C8D9-6C85-4BE8-A8D4-4DA0F05500CF}.Debug|Any CPU.ActiveCfg = Debug|Any CPU
		{E934C8D9-6C85-4BE8-A8D4-4DA0F05500CF}.Debug|Any CPU.Build.0 = Debug|Any CPU
		{E934C8D9-6C85-4BE8-A8D4-4DA0F05500CF}.Release|Any CPU.ActiveCfg = Release|Any CPU
		{E934C8D9-6C85-4BE8-A8D4-4DA0F05500CF}.Release|Any CPU.Build.0 = Release|Any CPU
		{EE93E0C0-2D00-4AA7-9305-DE57DED4308C}.Debug|Any CPU.ActiveCfg = Debug|Any CPU
		{EE93E0C0-2D00-4AA7-9305-DE57DED4308C}.Debug|Any CPU.Build.0 = Debug|Any CPU
		{EE93E0C0-2D00-4AA7-9305-DE57DED4308C}.Release|Any CPU.ActiveCfg = Release|Any CPU
		{EE93E0C0-2D00-4AA7-9305-DE57DED4308C}.Release|Any CPU.Build.0 = Release|Any CPU
		{575615F9-CC4F-429B-B525-9DED2C3921F4}.Debug|Any CPU.ActiveCfg = Debug|Any CPU
		{575615F9-CC4F-429B-B525-9DED2C3921F4}.Debug|Any CPU.Build.0 = Debug|Any CPU
		{575615F9-CC4F-429B-B525-9DED2C3921F4}.Release|Any CPU.ActiveCfg = Release|Any CPU
		{575615F9-CC4F-429B-B525-9DED2C3921F4}.Release|Any CPU.Build.0 = Release|Any CPU
		{938B2170-0C8F-4CE1-A81C-03AAD851AEA6}.Debug|Any CPU.ActiveCfg = Debug|Any CPU
		{938B2170-0C8F-4CE1-A81C-03AAD851AEA6}.Debug|Any CPU.Build.0 = Debug|Any CPU
		{938B2170-0C8F-4CE1-A81C-03AAD851AEA6}.Release|Any CPU.ActiveCfg = Release|Any CPU
		{938B2170-0C8F-4CE1-A81C-03AAD851AEA6}.Release|Any CPU.Build.0 = Release|Any CPU
		{C1E79570-FDE8-40B3-BB8B-97BD0E14332D}.Debug|Any CPU.ActiveCfg = Debug|Any CPU
		{C1E79570-FDE8-40B3-BB8B-97BD0E14332D}.Debug|Any CPU.Build.0 = Debug|Any CPU
		{C1E79570-FDE8-40B3-BB8B-97BD0E14332D}.Release|Any CPU.ActiveCfg = Release|Any CPU
		{C1E79570-FDE8-40B3-BB8B-97BD0E14332D}.Release|Any CPU.Build.0 = Release|Any CPU
		{5A9A2839-851C-4F2B-99D7-1645B4131B09}.Debug|Any CPU.ActiveCfg = Debug|Any CPU
		{5A9A2839-851C-4F2B-99D7-1645B4131B09}.Debug|Any CPU.Build.0 = Debug|Any CPU
		{5A9A2839-851C-4F2B-99D7-1645B4131B09}.Release|Any CPU.ActiveCfg = Release|Any CPU
		{5A9A2839-851C-4F2B-99D7-1645B4131B09}.Release|Any CPU.Build.0 = Release|Any CPU
		{07CAFD65-F174-4B34-B135-53353F2B4E6B}.Debug|Any CPU.ActiveCfg = Debug|Any CPU
		{07CAFD65-F174-4B34-B135-53353F2B4E6B}.Debug|Any CPU.Build.0 = Debug|Any CPU
		{07CAFD65-F174-4B34-B135-53353F2B4E6B}.Release|Any CPU.ActiveCfg = Release|Any CPU
		{07CAFD65-F174-4B34-B135-53353F2B4E6B}.Release|Any CPU.Build.0 = Release|Any CPU
		{16B22511-98B5-4911-BE88-B3C0BFBF6F88}.Debug|Any CPU.ActiveCfg = Debug|Any CPU
		{16B22511-98B5-4911-BE88-B3C0BFBF6F88}.Debug|Any CPU.Build.0 = Debug|Any CPU
		{16B22511-98B5-4911-BE88-B3C0BFBF6F88}.Release|Any CPU.ActiveCfg = Release|Any CPU
		{16B22511-98B5-4911-BE88-B3C0BFBF6F88}.Release|Any CPU.Build.0 = Release|Any CPU
		{9A015F58-36F1-4F82-9E1D-6F05AC7F5AF0}.Debug|Any CPU.ActiveCfg = Debug|Any CPU
		{9A015F58-36F1-4F82-9E1D-6F05AC7F5AF0}.Debug|Any CPU.Build.0 = Debug|Any CPU
		{9A015F58-36F1-4F82-9E1D-6F05AC7F5AF0}.Release|Any CPU.ActiveCfg = Release|Any CPU
		{9A015F58-36F1-4F82-9E1D-6F05AC7F5AF0}.Release|Any CPU.Build.0 = Release|Any CPU
		{E8F659C4-50C7-40E1-A555-3B874773E809}.Debug|Any CPU.ActiveCfg = Debug|Any CPU
		{E8F659C4-50C7-40E1-A555-3B874773E809}.Debug|Any CPU.Build.0 = Debug|Any CPU
		{E8F659C4-50C7-40E1-A555-3B874773E809}.Release|Any CPU.ActiveCfg = Release|Any CPU
		{E8F659C4-50C7-40E1-A555-3B874773E809}.Release|Any CPU.Build.0 = Release|Any CPU
		{1BEBE35B-B678-4D1A-A00C-3E9316977832}.Debug|Any CPU.ActiveCfg = Debug|Any CPU
		{1BEBE35B-B678-4D1A-A00C-3E9316977832}.Debug|Any CPU.Build.0 = Debug|Any CPU
		{1BEBE35B-B678-4D1A-A00C-3E9316977832}.Release|Any CPU.ActiveCfg = Release|Any CPU
		{1BEBE35B-B678-4D1A-A00C-3E9316977832}.Release|Any CPU.Build.0 = Release|Any CPU
		{7085299E-A5A9-4354-AEC3-497EDD4F0EDF}.Debug|Any CPU.ActiveCfg = Debug|Any CPU
		{7085299E-A5A9-4354-AEC3-497EDD4F0EDF}.Debug|Any CPU.Build.0 = Debug|Any CPU
		{7085299E-A5A9-4354-AEC3-497EDD4F0EDF}.Release|Any CPU.ActiveCfg = Release|Any CPU
		{7085299E-A5A9-4354-AEC3-497EDD4F0EDF}.Release|Any CPU.Build.0 = Release|Any CPU
		{1B76CF0E-C565-4BE5-94CD-942CDFB8E3CE}.Debug|Any CPU.ActiveCfg = Debug|Any CPU
		{1B76CF0E-C565-4BE5-94CD-942CDFB8E3CE}.Debug|Any CPU.Build.0 = Debug|Any CPU
		{1B76CF0E-C565-4BE5-94CD-942CDFB8E3CE}.Release|Any CPU.ActiveCfg = Release|Any CPU
		{1B76CF0E-C565-4BE5-94CD-942CDFB8E3CE}.Release|Any CPU.Build.0 = Release|Any CPU
		{9A3D6873-AD6C-4D2A-81A6-35BC344305DC}.Debug|Any CPU.ActiveCfg = Debug|Any CPU
		{9A3D6873-AD6C-4D2A-81A6-35BC344305DC}.Debug|Any CPU.Build.0 = Debug|Any CPU
		{9A3D6873-AD6C-4D2A-81A6-35BC344305DC}.Release|Any CPU.ActiveCfg = Release|Any CPU
		{9A3D6873-AD6C-4D2A-81A6-35BC344305DC}.Release|Any CPU.Build.0 = Release|Any CPU
	EndGlobalSection
	GlobalSection(SolutionProperties) = preSolution
		HideSolutionNode = FALSE
	EndGlobalSection
	GlobalSection(NestedProjects) = preSolution
		{4FA0BD65-2F1A-4FB6-8B40-334637C17F78} = {A1C0CE03-0E8D-44FE-A03F-F2215338ABD9}
		{99F65458-0F3A-4415-9F80-8AB8015AC788} = {4FA0BD65-2F1A-4FB6-8B40-334637C17F78}
		{3BE5827E-A107-45BE-B464-500F534A7FEE} = {4FA0BD65-2F1A-4FB6-8B40-334637C17F78}
		{ACCC9374-17D1-4B20-AE01-B514508DABED} = {4FA0BD65-2F1A-4FB6-8B40-334637C17F78}
		{E934C8D9-6C85-4BE8-A8D4-4DA0F05500CF} = {4FA0BD65-2F1A-4FB6-8B40-334637C17F78}
		{3FE92BA1-860B-4FBE-9C0E-F178170C3067} = {A1C0CE03-0E8D-44FE-A03F-F2215338ABD9}
		{575615F9-CC4F-429B-B525-9DED2C3921F4} = {3FE92BA1-860B-4FBE-9C0E-F178170C3067}
		{938B2170-0C8F-4CE1-A81C-03AAD851AEA6} = {3FE92BA1-860B-4FBE-9C0E-F178170C3067}
		{C1E79570-FDE8-40B3-BB8B-97BD0E14332D} = {3FE92BA1-860B-4FBE-9C0E-F178170C3067}
		{5A9A2839-851C-4F2B-99D7-1645B4131B09} = {3FE92BA1-860B-4FBE-9C0E-F178170C3067}
		{A5BE1D81-2281-44B7-A7E9-0DA89FA24188} = {A1C0CE03-0E8D-44FE-A03F-F2215338ABD9}
		{07CAFD65-F174-4B34-B135-53353F2B4E6B} = {A5BE1D81-2281-44B7-A7E9-0DA89FA24188}
		{16B22511-98B5-4911-BE88-B3C0BFBF6F88} = {A5BE1D81-2281-44B7-A7E9-0DA89FA24188}
		{9A015F58-36F1-4F82-9E1D-6F05AC7F5AF0} = {A5BE1D81-2281-44B7-A7E9-0DA89FA24188}
		{E8F659C4-50C7-40E1-A555-3B874773E809} = {A5BE1D81-2281-44B7-A7E9-0DA89FA24188}
		{78134B2E-A364-4C29-8380-0BE853A07421} = {A1C0CE03-0E8D-44FE-A03F-F2215338ABD9}
		{1BEBE35B-B678-4D1A-A00C-3E9316977832} = {78134B2E-A364-4C29-8380-0BE853A07421}
		{7085299E-A5A9-4354-AEC3-497EDD4F0EDF} = {78134B2E-A364-4C29-8380-0BE853A07421}
		{1B76CF0E-C565-4BE5-94CD-942CDFB8E3CE} = {78134B2E-A364-4C29-8380-0BE853A07421}
		{9A3D6873-AD6C-4D2A-81A6-35BC344305DC} = {78134B2E-A364-4C29-8380-0BE853A07421}
	EndGlobalSection
	GlobalSection(ExtensibilityGlobals) = postSolution
		SolutionGuid = {6B282EF4-6BB0-4D66-A932-C79CADFE2E16}
	EndGlobalSection
EndGlobal
